
Microsoft Visual Studio Solution File, Format Version 12.00
# Visual Studio Version 17
VisualStudioVersion = 17.0.32112.339
MinimumVisualStudioVersion = 16.0.0.0
Project("{9A19103F-16F7-4668-BE54-9A1E7A4F7556}") = "CSharpProxyGenerator", "CommerceProxyGenerator\CSharp\CSharpProxyGenerator.csproj", "{27BE7504-C928-4154-8724-BED44EC65FB5}"
EndProject
Project("{FAE04EC0-301F-11D3-BF4B-00C04F79EFBC}") = "ClientApp", "ClientApp\ClientApp.csproj", "{14FF284B-FAEF-4F1A-87E9-5486AFA6E356}"
EndProject
Project("{9A19103F-16F7-4668-BE54-9A1E7A4F7556}") = "RetailServer", "RetailServer\RetailServer.csproj", "{AEA3B689-1325-4095-872D-94070D8B5A6B}"
EndProject
Global
	GlobalSection(SolutionConfigurationPlatforms) = preSolution
		Debug|Any CPU = Debug|Any CPU
		Release|Any CPU = Release|Any CPU
	EndGlobalSection
	GlobalSection(ProjectConfigurationPlatforms) = postSolution
		{27BE7504-C928-4154-8724-BED44EC65FB5}.Debug|Any CPU.ActiveCfg = Debug|Any CPU
		{27BE7504-C928-4154-8724-BED44EC65FB5}.Debug|Any CPU.Build.0 = Debug|Any CPU
		{27BE7504-C928-4154-8724-BED44EC65FB5}.Release|Any CPU.ActiveCfg = Release|Any CPU
		{27BE7504-C928-4154-8724-BED44EC65FB5}.Release|Any CPU.Build.0 = Release|Any CPU
		{14FF284B-FAEF-4F1A-87E9-5486AFA6E356}.Debug|Any CPU.ActiveCfg = Debug|Any CPU
		{14FF284B-FAEF-4F1A-87E9-5486AFA6E356}.Debug|Any CPU.Build.0 = Debug|Any CPU
		{14FF284B-FAEF-4F1A-87E9-5486AFA6E356}.Release|Any CPU.ActiveCfg = Release|Any CPU
		{14FF284B-FAEF-4F1A-87E9-5486AFA6E356}.Release|Any CPU.Build.0 = Release|Any CPU
		{AEA3B689-1325-4095-872D-94070D8B5A6B}.Debug|Any CPU.ActiveCfg = Debug|Any CPU
		{AEA3B689-1325-4095-872D-94070D8B5A6B}.Debug|Any CPU.Build.0 = Debug|Any CPU
		{AEA3B689-1325-4095-872D-94070D8B5A6B}.Release|Any CPU.ActiveCfg = Release|Any CPU
		{AEA3B689-1325-4095-872D-94070D8B5A6B}.Release|Any CPU.Build.0 = Release|Any CPU
	EndGlobalSection
	GlobalSection(SolutionProperties) = preSolution
		HideSolutionNode = FALSE
	EndGlobalSection
	GlobalSection(ExtensibilityGlobals) = postSolution
		SolutionGuid = {D8D07A3D-D311-441B-A70E-A959154EE41B}
	EndGlobalSection
EndGlobal
